// !$*UTF8*$!
{
	archiveVersion = 1;
	classes = {
	};
	objectVersion = 55;
	objects = {

/* Begin PBXBuildFile section */
		017BD0AF282410DD006ABD4A /* ChannelListViewController.swift in Sources */ = {isa = PBXBuildFile; fileRef = 017BD0AE282410DD006ABD4A /* ChannelListViewController.swift */; };
		01B7B3042823276700EB91E1 /* eqo.gif in Resources */ = {isa = PBXBuildFile; fileRef = 01B7B3032823276700EB91E1 /* eqo.gif */; };
		01B7B3092823303200EB91E1 /* Kingfisher in Frameworks */ = {isa = PBXBuildFile; productRef = 01B7B3082823303200EB91E1 /* Kingfisher */; };
		01CA96A5282272090001C5BE /* AppDelegate.swift in Sources */ = {isa = PBXBuildFile; fileRef = 01CA96A4282272090001C5BE /* AppDelegate.swift */; };
		01CA96A7282272090001C5BE /* SceneDelegate.swift in Sources */ = {isa = PBXBuildFile; fileRef = 01CA96A6282272090001C5BE /* SceneDelegate.swift */; };
		01CA96A9282272090001C5BE /* ViewController.swift in Sources */ = {isa = PBXBuildFile; fileRef = 01CA96A8282272090001C5BE /* ViewController.swift */; };
		01CA96AC282272090001C5BE /* Main.storyboard in Resources */ = {isa = PBXBuildFile; fileRef = 01CA96AA282272090001C5BE /* Main.storyboard */; };
		01CA96AE2822720A0001C5BE /* Assets.xcassets in Resources */ = {isa = PBXBuildFile; fileRef = 01CA96AD2822720A0001C5BE /* Assets.xcassets */; };
		01CA96B12822720A0001C5BE /* LaunchScreen.storyboard in Resources */ = {isa = PBXBuildFile; fileRef = 01CA96AF2822720A0001C5BE /* LaunchScreen.storyboard */; };
		7573D8CE96B0BAB9FC4C2D9B /* Pods_yRadio.framework in Frameworks */ = {isa = PBXBuildFile; fileRef = BB7CA236D4D79826C3829AC0 /* Pods_yRadio.framework */; };
/* End PBXBuildFile section */

/* Begin PBXFileReference section */
		017BD0AE282410DD006ABD4A /* ChannelListViewController.swift */ = {isa = PBXFileReference; lastKnownFileType = sourcecode.swift; path = ChannelListViewController.swift; sourceTree = "<group>"; };
		01B7B3032823276700EB91E1 /* eqo.gif */ = {isa = PBXFileReference; lastKnownFileType = image.gif; path = eqo.gif; sourceTree = "<group>"; };
		01CA96A1282272090001C5BE /* yRadio.app */ = {isa = PBXFileReference; explicitFileType = wrapper.application; includeInIndex = 0; path = yRadio.app; sourceTree = BUILT_PRODUCTS_DIR; };
		01CA96A4282272090001C5BE /* AppDelegate.swift */ = {isa = PBXFileReference; lastKnownFileType = sourcecode.swift; path = AppDelegate.swift; sourceTree = "<group>"; };
		01CA96A6282272090001C5BE /* SceneDelegate.swift */ = {isa = PBXFileReference; lastKnownFileType = sourcecode.swift; path = SceneDelegate.swift; sourceTree = "<group>"; };
		01CA96A8282272090001C5BE /* ViewController.swift */ = {isa = PBXFileReference; lastKnownFileType = sourcecode.swift; path = ViewController.swift; sourceTree = "<group>"; };
		01CA96AB282272090001C5BE /* Base */ = {isa = PBXFileReference; lastKnownFileType = file.storyboard; name = Base; path = Base.lproj/Main.storyboard; sourceTree = "<group>"; };
		01CA96AD2822720A0001C5BE /* Assets.xcassets */ = {isa = PBXFileReference; lastKnownFileType = folder.assetcatalog; path = Assets.xcassets; sourceTree = "<group>"; };
		01CA96B02822720A0001C5BE /* Base */ = {isa = PBXFileReference; lastKnownFileType = file.storyboard; name = Base; path = Base.lproj/LaunchScreen.storyboard; sourceTree = "<group>"; };
		01CA96B22822720A0001C5BE /* Info.plist */ = {isa = PBXFileReference; lastKnownFileType = text.plist.xml; path = Info.plist; sourceTree = "<group>"; };
		31D2B15CE02A3D396E1856DC /* Pods-yRadio.release.xcconfig */ = {isa = PBXFileReference; includeInIndex = 1; lastKnownFileType = text.xcconfig; name = "Pods-yRadio.release.xcconfig"; path = "Target Support Files/Pods-yRadio/Pods-yRadio.release.xcconfig"; sourceTree = "<group>"; };
		BA02B9F800B83CD9F16427C0 /* Pods-yRadio.debug.xcconfig */ = {isa = PBXFileReference; includeInIndex = 1; lastKnownFileType = text.xcconfig; name = "Pods-yRadio.debug.xcconfig"; path = "Target Support Files/Pods-yRadio/Pods-yRadio.debug.xcconfig"; sourceTree = "<group>"; };
		BB7CA236D4D79826C3829AC0 /* Pods_yRadio.framework */ = {isa = PBXFileReference; explicitFileType = wrapper.framework; includeInIndex = 0; path = Pods_yRadio.framework; sourceTree = BUILT_PRODUCTS_DIR; };
/* End PBXFileReference section */

/* Begin PBXFrameworksBuildPhase section */
		01CA969E282272090001C5BE /* Frameworks */ = {
			isa = PBXFrameworksBuildPhase;
			buildActionMask = 2147483647;
			files = (
				01B7B3092823303200EB91E1 /* Kingfisher in Frameworks */,
				7573D8CE96B0BAB9FC4C2D9B /* Pods_yRadio.framework in Frameworks */,
			);
			runOnlyForDeploymentPostprocessing = 0;
		};
/* End PBXFrameworksBuildPhase section */

/* Begin PBXGroup section */
		0183F32428229E8D0082D599 /* Controllers */ = {
			isa = PBXGroup;
			children = (
				01CA96A8282272090001C5BE /* ViewController.swift */,
				017BD0AE282410DD006ABD4A /* ChannelListViewController.swift */,
			);
			path = Controllers;
			sourceTree = "<group>";
		};
		01CA9698282272090001C5BE = {
			isa = PBXGroup;
			children = (
				01CA96A3282272090001C5BE /* yRadio */,
				01CA96A2282272090001C5BE /* Products */,
				8EEFE371B5FD54DADCCF0A61 /* Pods */,
				9662B95C5107B22495C437B4 /* Frameworks */,
			);
			sourceTree = "<group>";
		};
		01CA96A2282272090001C5BE /* Products */ = {
			isa = PBXGroup;
			children = (
				01CA96A1282272090001C5BE /* yRadio.app */,
			);
			name = Products;
			sourceTree = "<group>";
		};
		01CA96A3282272090001C5BE /* yRadio */ = {
			isa = PBXGroup;
			children = (
				01B7B3032823276700EB91E1 /* eqo.gif */,
				0183F32428229E8D0082D599 /* Controllers */,
				01CA96A4282272090001C5BE /* AppDelegate.swift */,
				01CA96A6282272090001C5BE /* SceneDelegate.swift */,
				01CA96AA282272090001C5BE /* Main.storyboard */,
				01CA96AD2822720A0001C5BE /* Assets.xcassets */,
				01CA96AF2822720A0001C5BE /* LaunchScreen.storyboard */,
				01CA96B22822720A0001C5BE /* Info.plist */,
			);
			path = yRadio;
			sourceTree = "<group>";
		};
		8EEFE371B5FD54DADCCF0A61 /* Pods */ = {
			isa = PBXGroup;
			children = (
				BA02B9F800B83CD9F16427C0 /* Pods-yRadio.debug.xcconfig */,
				31D2B15CE02A3D396E1856DC /* Pods-yRadio.release.xcconfig */,
			);
			path = Pods;
			sourceTree = "<group>";
		};
		9662B95C5107B22495C437B4 /* Frameworks */ = {
			isa = PBXGroup;
			children = (
				BB7CA236D4D79826C3829AC0 /* Pods_yRadio.framework */,
			);
			name = Frameworks;
			sourceTree = "<group>";
		};
/* End PBXGroup section */

/* Begin PBXNativeTarget section */
		01CA96A0282272090001C5BE /* yRadio */ = {
			isa = PBXNativeTarget;
			buildConfigurationList = 01CA96B52822720A0001C5BE /* Build configuration list for PBXNativeTarget "yRadio" */;
			buildPhases = (
				B558326305CF679DFE0655EC /* [CP] Check Pods Manifest.lock */,
				01CA969D282272090001C5BE /* Sources */,
				01CA969E282272090001C5BE /* Frameworks */,
				01CA969F282272090001C5BE /* Resources */,
				178294C7332FCDCE01A40DAF /* [CP] Embed Pods Frameworks */,
			);
			buildRules = (
			);
			dependencies = (
			);
			name = yRadio;
			packageProductDependencies = (
				01B7B3082823303200EB91E1 /* Kingfisher */,
			);
			productName = yRadio;
			productReference = 01CA96A1282272090001C5BE /* yRadio.app */;
			productType = "com.apple.product-type.application";
		};
/* End PBXNativeTarget section */

/* Begin PBXProject section */
		01CA9699282272090001C5BE /* Project object */ = {
			isa = PBXProject;
			attributes = {
				BuildIndependentTargetsInParallel = 1;
				LastSwiftUpdateCheck = 1330;
				LastUpgradeCheck = 1330;
				TargetAttributes = {
					01CA96A0282272090001C5BE = {
						CreatedOnToolsVersion = 13.3;
					};
				};
			};
			buildConfigurationList = 01CA969C282272090001C5BE /* Build configuration list for PBXProject "yRadio" */;
			compatibilityVersion = "Xcode 13.0";
			developmentRegion = en;
			hasScannedForEncodings = 0;
			knownRegions = (
				en,
				Base,
			);
			mainGroup = 01CA9698282272090001C5BE;
			packageReferences = (
				01B7B3072823303200EB91E1 /* XCRemoteSwiftPackageReference "Kingfisher" */,
			);
			productRefGroup = 01CA96A2282272090001C5BE /* Products */;
			projectDirPath = "";
			projectRoot = "";
			targets = (
				01CA96A0282272090001C5BE /* yRadio */,
			);
		};
/* End PBXProject section */

/* Begin PBXResourcesBuildPhase section */
		01CA969F282272090001C5BE /* Resources */ = {
			isa = PBXResourcesBuildPhase;
			buildActionMask = 2147483647;
			files = (
				01B7B3042823276700EB91E1 /* eqo.gif in Resources */,
				01CA96B12822720A0001C5BE /* LaunchScreen.storyboard in Resources */,
				01CA96AE2822720A0001C5BE /* Assets.xcassets in Resources */,
				01CA96AC282272090001C5BE /* Main.storyboard in Resources */,
			);
			runOnlyForDeploymentPostprocessing = 0;
		};
/* End PBXResourcesBuildPhase section */

/* Begin PBXShellScriptBuildPhase section */
		178294C7332FCDCE01A40DAF /* [CP] Embed Pods Frameworks */ = {
			isa = PBXShellScriptBuildPhase;
			buildActionMask = 2147483647;
			files = (
			);
			inputFileListPaths = (
				"${PODS_ROOT}/Target Support Files/Pods-yRadio/Pods-yRadio-frameworks-${CONFIGURATION}-input-files.xcfilelist",
			);
			name = "[CP] Embed Pods Frameworks";
			outputFileListPaths = (
				"${PODS_ROOT}/Target Support Files/Pods-yRadio/Pods-yRadio-frameworks-${CONFIGURATION}-output-files.xcfilelist",
			);
			runOnlyForDeploymentPostprocessing = 0;
			shellPath = /bin/sh;
			shellScript = "\"${PODS_ROOT}/Target Support Files/Pods-yRadio/Pods-yRadio-frameworks.sh\"\n";
			showEnvVarsInLog = 0;
		};
		B558326305CF679DFE0655EC /* [CP] Check Pods Manifest.lock */ = {
			isa = PBXShellScriptBuildPhase;
			buildActionMask = 2147483647;
			files = (
			);
			inputFileListPaths = (
			);
			inputPaths = (
				"${PODS_PODFILE_DIR_PATH}/Podfile.lock",
				"${PODS_ROOT}/Manifest.lock",
			);
			name = "[CP] Check Pods Manifest.lock";
			outputFileListPaths = (
			);
			outputPaths = (
				"$(DERIVED_FILE_DIR)/Pods-yRadio-checkManifestLockResult.txt",
			);
			runOnlyForDeploymentPostprocessing = 0;
			shellPath = /bin/sh;
			shellScript = "diff \"${PODS_PODFILE_DIR_PATH}/Podfile.lock\" \"${PODS_ROOT}/Manifest.lock\" > /dev/null\nif [ $? != 0 ] ; then\n    # print error to STDERR\n    echo \"error: The sandbox is not in sync with the Podfile.lock. Run 'pod install' or update your CocoaPods installation.\" >&2\n    exit 1\nfi\n# This output is used by Xcode 'outputs' to avoid re-running this script phase.\necho \"SUCCESS\" > \"${SCRIPT_OUTPUT_FILE_0}\"\n";
			showEnvVarsInLog = 0;
		};
/* End PBXShellScriptBuildPhase section */

/* Begin PBXSourcesBuildPhase section */
		01CA969D282272090001C5BE /* Sources */ = {
			isa = PBXSourcesBuildPhase;
			buildActionMask = 2147483647;
			files = (
				01CA96A9282272090001C5BE /* ViewController.swift in Sources */,
				01CA96A5282272090001C5BE /* AppDelegate.swift in Sources */,
				017BD0AF282410DD006ABD4A /* ChannelListViewController.swift in Sources */,
				01CA96A7282272090001C5BE /* SceneDelegate.swift in Sources */,
			);
			runOnlyForDeploymentPostprocessing = 0;
		};
/* End PBXSourcesBuildPhase section */

/* Begin PBXVariantGroup section */
		01CA96AA282272090001C5BE /* Main.storyboard */ = {
			isa = PBXVariantGroup;
			children = (
				01CA96AB282272090001C5BE /* Base */,
			);
			name = Main.storyboard;
			sourceTree = "<group>";
		};
		01CA96AF2822720A0001C5BE /* LaunchScreen.storyboard */ = {
			isa = PBXVariantGroup;
			children = (
				01CA96B02822720A0001C5BE /* Base */,
			);
			name = LaunchScreen.storyboard;
			sourceTree = "<group>";
		};
/* End PBXVariantGroup section */

/* Begin XCBuildConfiguration section */
		01CA96B32822720A0001C5BE /* Debug */ = {
			isa = XCBuildConfiguration;
			buildSettings = {
				ALWAYS_SEARCH_USER_PATHS = NO;
				CLANG_ANALYZER_NONNULL = YES;
				CLANG_ANALYZER_NUMBER_OBJECT_CONVERSION = YES_AGGRESSIVE;
				CLANG_CXX_LANGUAGE_STANDARD = "gnu++17";
				CLANG_ENABLE_MODULES = YES;
				CLANG_ENABLE_OBJC_ARC = YES;
				CLANG_ENABLE_OBJC_WEAK = YES;
				CLANG_WARN_BLOCK_CAPTURE_AUTORELEASING = YES;
				CLANG_WARN_BOOL_CONVERSION = YES;
				CLANG_WARN_COMMA = YES;
				CLANG_WARN_CONSTANT_CONVERSION = YES;
				CLANG_WARN_DEPRECATED_OBJC_IMPLEMENTATIONS = YES;
				CLANG_WARN_DIRECT_OBJC_ISA_USAGE = YES_ERROR;
				CLANG_WARN_DOCUMENTATION_COMMENTS = YES;
				CLANG_WARN_EMPTY_BODY = YES;
				CLANG_WARN_ENUM_CONVERSION = YES;
				CLANG_WARN_INFINITE_RECURSION = YES;
				CLANG_WARN_INT_CONVERSION = YES;
				CLANG_WARN_NON_LITERAL_NULL_CONVERSION = YES;
				CLANG_WARN_OBJC_IMPLICIT_RETAIN_SELF = YES;
				CLANG_WARN_OBJC_LITERAL_CONVERSION = YES;
				CLANG_WARN_OBJC_ROOT_CLASS = YES_ERROR;
				CLANG_WARN_QUOTED_INCLUDE_IN_FRAMEWORK_HEADER = YES;
				CLANG_WARN_RANGE_LOOP_ANALYSIS = YES;
				CLANG_WARN_STRICT_PROTOTYPES = YES;
				CLANG_WARN_SUSPICIOUS_MOVE = YES;
				CLANG_WARN_UNGUARDED_AVAILABILITY = YES_AGGRESSIVE;
				CLANG_WARN_UNREACHABLE_CODE = YES;
				CLANG_WARN__DUPLICATE_METHOD_MATCH = YES;
				COPY_PHASE_STRIP = NO;
				DEBUG_INFORMATION_FORMAT = dwarf;
				ENABLE_STRICT_OBJC_MSGSEND = YES;
				ENABLE_TESTABILITY = YES;
				GCC_C_LANGUAGE_STANDARD = gnu11;
				GCC_DYNAMIC_NO_PIC = NO;
				GCC_NO_COMMON_BLOCKS = YES;
				GCC_OPTIMIZATION_LEVEL = 0;
				GCC_PREPROCESSOR_DEFINITIONS = (
					"DEBUG=1",
					"$(inherited)",
				);
				GCC_WARN_64_TO_32_BIT_CONVERSION = YES;
				GCC_WARN_ABOUT_RETURN_TYPE = YES_ERROR;
				GCC_WARN_UNDECLARED_SELECTOR = YES;
				GCC_WARN_UNINITIALIZED_AUTOS = YES_AGGRESSIVE;
				GCC_WARN_UNUSED_FUNCTION = YES;
				GCC_WARN_UNUSED_VARIABLE = YES;
				IPHONEOS_DEPLOYMENT_TARGET = 15.4;
				MTL_ENABLE_DEBUG_INFO = INCLUDE_SOURCE;
				MTL_FAST_MATH = YES;
				ONLY_ACTIVE_ARCH = YES;
				SDKROOT = iphoneos;
				SWIFT_ACTIVE_COMPILATION_CONDITIONS = DEBUG;
				SWIFT_OPTIMIZATION_LEVEL = "-Onone";
			};
			name = Debug;
		};
		01CA96B42822720A0001C5BE /* Release */ = {
			isa = XCBuildConfiguration;
			buildSettings = {
				ALWAYS_SEARCH_USER_PATHS = NO;
				CLANG_ANALYZER_NONNULL = YES;
				CLANG_ANALYZER_NUMBER_OBJECT_CONVERSION = YES_AGGRESSIVE;
				CLANG_CXX_LANGUAGE_STANDARD = "gnu++17";
				CLANG_ENABLE_MODULES = YES;
				CLANG_ENABLE_OBJC_ARC = YES;
				CLANG_ENABLE_OBJC_WEAK = YES;
				CLANG_WARN_BLOCK_CAPTURE_AUTORELEASING = YES;
				CLANG_WARN_BOOL_CONVERSION = YES;
				CLANG_WARN_COMMA = YES;
				CLANG_WARN_CONSTANT_CONVERSION = YES;
				CLANG_WARN_DEPRECATED_OBJC_IMPLEMENTATIONS = YES;
				CLANG_WARN_DIRECT_OBJC_ISA_USAGE = YES_ERROR;
				CLANG_WARN_DOCUMENTATION_COMMENTS = YES;
				CLANG_WARN_EMPTY_BODY = YES;
				CLANG_WARN_ENUM_CONVERSION = YES;
				CLANG_WARN_INFINITE_RECURSION = YES;
				CLANG_WARN_INT_CONVERSION = YES;
				CLANG_WARN_NON_LITERAL_NULL_CONVERSION = YES;
				CLANG_WARN_OBJC_IMPLICIT_RETAIN_SELF = YES;
				CLANG_WARN_OBJC_LITERAL_CONVERSION = YES;
				CLANG_WARN_OBJC_ROOT_CLASS = YES_ERROR;
				CLANG_WARN_QUOTED_INCLUDE_IN_FRAMEWORK_HEADER = YES;
				CLANG_WARN_RANGE_LOOP_ANALYSIS = YES;
				CLANG_WARN_STRICT_PROTOTYPES = YES;
				CLANG_WARN_SUSPICIOUS_MOVE = YES;
				CLANG_WARN_UNGUARDED_AVAILABILITY = YES_AGGRESSIVE;
				CLANG_WARN_UNREACHABLE_CODE = YES;
				CLANG_WARN__DUPLICATE_METHOD_MATCH = YES;
				COPY_PHASE_STRIP = NO;
				DEBUG_INFORMATION_FORMAT = "dwarf-with-dsym";
				ENABLE_NS_ASSERTIONS = NO;
				ENABLE_STRICT_OBJC_MSGSEND = YES;
				GCC_C_LANGUAGE_STANDARD = gnu11;
				GCC_NO_COMMON_BLOCKS = YES;
				GCC_WARN_64_TO_32_BIT_CONVERSION = YES;
				GCC_WARN_ABOUT_RETURN_TYPE = YES_ERROR;
				GCC_WARN_UNDECLARED_SELECTOR = YES;
				GCC_WARN_UNINITIALIZED_AUTOS = YES_AGGRESSIVE;
				GCC_WARN_UNUSED_FUNCTION = YES;
				GCC_WARN_UNUSED_VARIABLE = YES;
				IPHONEOS_DEPLOYMENT_TARGET = 15.4;
				MTL_ENABLE_DEBUG_INFO = NO;
				MTL_FAST_MATH = YES;
				SDKROOT = iphoneos;
				SWIFT_COMPILATION_MODE = wholemodule;
				SWIFT_OPTIMIZATION_LEVEL = "-O";
				VALIDATE_PRODUCT = YES;
			};
			name = Release;
		};
		01CA96B62822720A0001C5BE /* Debug */ = {
			isa = XCBuildConfiguration;
			baseConfigurationReference = BA02B9F800B83CD9F16427C0 /* Pods-yRadio.debug.xcconfig */;
			buildSettings = {
				ASSETCATALOG_COMPILER_APPICON_NAME = AppIcon;
				ASSETCATALOG_COMPILER_GLOBAL_ACCENT_COLOR_NAME = AccentColor;
				CODE_SIGN_STYLE = Automatic;
				CURRENT_PROJECT_VERSION = 1;
				DEVELOPMENT_TEAM = D2T6AR24JC;
				GENERATE_INFOPLIST_FILE = YES;
				INFOPLIST_FILE = yRadio/Info.plist;
				INFOPLIST_KEY_UIApplicationSupportsIndirectInputEvents = YES;
				INFOPLIST_KEY_UILaunchStoryboardName = LaunchScreen;
				INFOPLIST_KEY_UIMainStoryboardFile = Main;
				INFOPLIST_KEY_UISupportedInterfaceOrientations_iPad = "UIInterfaceOrientationPortrait UIInterfaceOrientationPortraitUpsideDown UIInterfaceOrientationLandscapeLeft UIInterfaceOrientationLandscapeRight";
				INFOPLIST_KEY_UISupportedInterfaceOrientations_iPhone = "UIInterfaceOrientationPortrait UIInterfaceOrientationLandscapeLeft UIInterfaceOrientationLandscapeRight";
				LD_RUNPATH_SEARCH_PATHS = (
					"$(inherited)",
					"@executable_path/Frameworks",
				);
				MARKETING_VERSION = 1.0;
				PRODUCT_BUNDLE_IDENTIFIER = ynsgndz.yRadio;
				PRODUCT_NAME = "$(TARGET_NAME)";
				SWIFT_EMIT_LOC_STRINGS = YES;
				SWIFT_VERSION = 5.0;
				TARGETED_DEVICE_FAMILY = "1,2";
			};
			name = Debug;
		};
		01CA96B72822720A0001C5BE /* Release */ = {
			isa = XCBuildConfiguration;
			baseConfigurationReference = 31D2B15CE02A3D396E1856DC /* Pods-yRadio.release.xcconfig */;
			buildSettings = {
				ASSETCATALOG_COMPILER_APPICON_NAME = AppIcon;
				ASSETCATALOG_COMPILER_GLOBAL_ACCENT_COLOR_NAME = AccentColor;
				CODE_SIGN_STYLE = Automatic;
				CURRENT_PROJECT_VERSION = 1;
				DEVELOPMENT_TEAM = D2T6AR24JC;
				GENERATE_INFOPLIST_FILE = YES;
				INFOPLIST_FILE = yRadio/Info.plist;
				INFOPLIST_KEY_UIApplicationSupportsIndirectInputEvents = YES;
				INFOPLIST_KEY_UILaunchStoryboardName = LaunchScreen;
				INFOPLIST_KEY_UIMainStoryboardFile = Main;
				INFOPLIST_KEY_UISupportedInterfaceOrientations_iPad = "UIInterfaceOrientationPortrait UIInterfaceOrientationPortraitUpsideDown UIInterfaceOrientationLandscapeLeft UIInterfaceOrientationLandscapeRight";
				INFOPLIST_KEY_UISupportedInterfaceOrientations_iPhone = "UIInterfaceOrientationPortrait UIInterfaceOrientationLandscapeLeft UIInterfaceOrientationLandscapeRight";
				LD_RUNPATH_SEARCH_PATHS = (
					"$(inherited)",
					"@executable_path/Frameworks",
				);
				MARKETING_VERSION = 1.0;
				PRODUCT_BUNDLE_IDENTIFIER = ynsgndz.yRadio;
				PRODUCT_NAME = "$(TARGET_NAME)";
				SWIFT_EMIT_LOC_STRINGS = YES;
				SWIFT_VERSION = 5.0;
				TARGETED_DEVICE_FAMILY = "1,2";
			};
			name = Release;
		};
/* End XCBuildConfiguration section */

/* Begin XCConfigurationList section */
		01CA969C282272090001C5BE /* Build configuration list for PBXProject "yRadio" */ = {
			isa = XCConfigurationList;
			buildConfigurations = (
				01CA96B32822720A0001C5BE /* Debug */,
				01CA96B42822720A0001C5BE /* Release */,
			);
			defaultConfigurationIsVisible = 0;
			defaultConfigurationName = Release;
		};
		01CA96B52822720A0001C5BE /* Build configuration list for PBXNativeTarget "yRadio" */ = {
			isa = XCConfigurationList;
			buildConfigurations = (
				01CA96B62822720A0001C5BE /* Debug */,
				01CA96B72822720A0001C5BE /* Release */,
			);
			defaultConfigurationIsVisible = 0;
			defaultConfigurationName = Release;
		};
/* End XCConfigurationList section */

/* Begin XCRemoteSwiftPackageReference section */
		01B7B3072823303200EB91E1 /* XCRemoteSwiftPackageReference "Kingfisher" */ = {
			isa = XCRemoteSwiftPackageReference;
			repositoryURL = "https://github.com/onevcat/Kingfisher";
			requirement = {
				branch = master;
				kind = branch;
			};
		};
/* End XCRemoteSwiftPackageReference section */

/* Begin XCSwiftPackageProductDependency section */
		01B7B3082823303200EB91E1 /* Kingfisher */ = {
			isa = XCSwiftPackageProductDependency;
			package = 01B7B3072823303200EB91E1 /* XCRemoteSwiftPackageReference "Kingfisher" */;
			productName = Kingfisher;
		};
/* End XCSwiftPackageProductDependency section */
	};
	rootObject = 01CA9699282272090001C5BE /* Project object */;
}
